<?xml version="1.0" encoding="utf-8"?>
<Project ToolsVersion="4.0" xmlns="http://schemas.microsoft.com/developer/msbuild/2003">
  <ItemGroup>
    <Filter Include="LwMEM">
      <UniqueIdentifier>{9e597c89-5586-4692-864f-7152981cc7cf}</UniqueIdentifier>
    </Filter>
  </ItemGroup>
  <ItemGroup>
    <ClCompile Include="main.c" />
    <ClCompile Include="..\..\..\lwmem\src\lwmem\lwmem.c">
      <Filter>LwMEM</Filter>
    </ClCompile>
    <ClCompile Include="..\..\..\lwmem\src\system\lwmem_sys_win32.c">
      <Filter>LwMEM</Filter>
    </ClCompile>
  </ItemGroup>
</Project>