
Microsoft Visual Studio Solution File, Format Version 12.00
# Visual Studio Version 16
VisualStudioVersion = 16.0.29418.71
MinimumVisualStudioVersion = 10.0.40219.1
Project("{8BC9CEB8-8B4A-11D0-8D11-00A0C91BC942}") = "lwmem", "lwmem\lwmem.vcxproj", "{85F83F03-72F0-4F31-B7D3-294DA7D64D4E}"
EndProject
Project("{8BC9CEB8-8B4A-11D0-8D11-00A0C91BC942}") = "lwmem_multi_ins_multi_region", "lwmem_multi_ins_multi_region\lwmem_multi_ins_multi_region.vcxproj", "{435D03A4-B3C0-4BC2-B739-542366BFBFAE}"
EndProject
Project("{8BC9CEB8-8B4A-11D0-8D11-00A0C91BC942}") = "lwmem_multi_region", "lwmem_multi_region\lwmem_multi_region.vcxproj", "{145E0F0F-D703-44A2-9375-7AD2E4EAB363}"
EndProject
Project("{8BC9CEB8-8B4A-11D0-8D11-00A0C91BC942}") = "lwmem_os", "lwmem_os\lwmem_os.vcxproj", "{34D02135-7971-49BD-8933-88A9B27D0A86}"
EndProject
Global
	GlobalSection(SolutionConfigurationPlatforms) = preSolution
		Debug|x64 = Debug|x64
		Debug|x86 = Debug|x86
		Release|x64 = Release|x64
		Release|x86 = Release|x86
	EndGlobalSection
	GlobalSection(ProjectConfigurationPlatforms) = postSolution
		{85F83F03-72F0-4F31-B7D3-294DA7D64D4E}.Debug|x64.ActiveCfg = Debug|x64
		{85F83F03-72F0-4F31-B7D3-294DA7D64D4E}.Debug|x64.Build.0 = Debug|x64
		{85F83F03-72F0-4F31-B7D3-294DA7D64D4E}.Debug|x86.ActiveCfg = Debug|Win32
		{85F83F03-72F0-4F31-B7D3-294DA7D64D4E}.Debug|x86.Build.0 = Debug|Win32
		{85F83F03-72F0-4F31-B7D3-294DA7D64D4E}.Release|x64.ActiveCfg = Release|x64
		{85F83F03-72F0-4F31-B7D3-294DA7D64D4E}.Release|x64.Build.0 = Release|x64
		{85F83F03-72F0-4F31-B7D3-294DA7D64D4E}.Release|x86.ActiveCfg = Release|Win32
		{85F83F03-72F0-4F31-B7D3-294DA7D64D4E}.Release|x86.Build.0 = Release|Win32
		{435D03A4-B3C0-4BC2-B739-542366BFBFAE}.Debug|x64.ActiveCfg = Debug|x64
		{435D03A4-B3C0-4BC2-B739-542366BFBFAE}.Debug|x64.Build.0 = Debug|x64
		{435D03A4-B3C0-4BC2-B739-542366BFBFAE}.Debug|x86.ActiveCfg = Debug|Win32
		{435D03A4-B3C0-4BC2-B739-542366BFBFAE}.Debug|x86.Build.0 = Debug|Win32
		{435D03A4-B3C0-4BC2-B739-542366BFBFAE}.Release|x64.ActiveCfg = Release|x64
		{435D03A4-B3C0-4BC2-B739-542366BFBFAE}.Release|x64.Build.0 = Release|x64
		{435D03A4-B3C0-4BC2-B739-542366BFBFAE}.Release|x86.ActiveCfg = Release|Win32
		{435D03A4-B3C0-4BC2-B739-542366BFBFAE}.Release|x86.Build.0 = Release|Win32
		{145E0F0F-D703-44A2-9375-7AD2E4EAB363}.Debug|x64.ActiveCfg = Debug|x64
		{145E0F0F-D703-44A2-9375-7AD2E4EAB363}.Debug|x64.Build.0 = Debug|x64
		{145E0F0F-D703-44A2-9375-7AD2E4EAB363}.Debug|x86.ActiveCfg = Debug|Win32
		{145E0F0F-D703-44A2-9375-7AD2E4EAB363}.Debug|x86.Build.0 = Debug|Win32
		{145E0F0F-D703-44A2-9375-7AD2E4EAB363}.Release|x64.ActiveCfg = Release|x64
		{145E0F0F-D703-44A2-9375-7AD2E4EAB363}.Release|x64.Build.0 = Release|x64
		{145E0F0F-D703-44A2-9375-7AD2E4EAB363}.Release|x86.ActiveCfg = Release|Win32
		{145E0F0F-D703-44A2-9375-7AD2E4EAB363}.Release|x86.Build.0 = Release|Win32
		{34D02135-7971-49BD-8933-88A9B27D0A86}.Debug|x64.ActiveCfg = Debug|x64
		{34D02135-7971-49BD-8933-88A9B27D0A86}.Debug|x64.Build.0 = Debug|x64
		{34D02135-7971-49BD-8933-88A9B27D0A86}.Debug|x86.ActiveCfg = Debug|Win32
		{34D02135-7971-49BD-8933-88A9B27D0A86}.Debug|x86.Build.0 = Debug|Win32
		{34D02135-7971-49BD-8933-88A9B27D0A86}.Release|x64.ActiveCfg = Release|x64
		{34D02135-7971-49BD-8933-88A9B27D0A86}.Release|x64.Build.0 = Release|x64
		{34D02135-7971-49BD-8933-88A9B27D0A86}.Release|x86.ActiveCfg = Release|Win32
		{34D02135-7971-49BD-8933-88A9B27D0A86}.Release|x86.Build.0 = Release|Win32
	EndGlobalSection
	GlobalSection(SolutionProperties) = preSolution
		HideSolutionNode = FALSE
	EndGlobalSection
	GlobalSection(ExtensibilityGlobals) = postSolution
		SolutionGuid = {301D859A-02BB-4B30-867F-ED2E18E3305B}
	EndGlobalSection
EndGlobal
